
Microsoft Visual Studio Solution File, Format Version 12.00
# Visual Studio Version 17
VisualStudioVersion = 17.13.35806.99 d17.13
MinimumVisualStudioVersion = 10.0.40219.1
Project("{FAE04EC0-301F-11D3-BF4B-00C04F79EFBC}") = "U", "U.csproj", "{685EFAE6-4080-48EF-A0EA-0BBB2054629A}"
EndProject
Global
	GlobalSection(SolutionConfigurationPlatforms) = preSolution
		Debug|Any CPU = Debug|Any CPU
		Release|Any CPU = Release|Any CPU
	EndGlobalSection
	GlobalSection(ProjectConfigurationPlatforms) = postSolution
		{685EFAE6-4080-48EF-A0EA-0BBB2054629A}.Debug|Any CPU.ActiveCfg = Debug|Any CPU
		{685EFAE6-4080-48EF-A0EA-0BBB2054629A}.Debug|Any CPU.Build.0 = Debug|Any CPU
		{685EFAE6-4080-48EF-A0EA-0BBB2054629A}.Release|Any CPU.ActiveCfg = Release|Any CPU
		{685EFAE6-4080-48EF-A0EA-0BBB2054629A}.Release|Any CPU.Build.0 = Release|Any CPU
	EndGlobalSection
	GlobalSection(SolutionProperties) = preSolution
		HideSolutionNode = FALSE
	EndGlobalSection
	GlobalSection(ExtensibilityGlobals) = postSolution
		SolutionGuid = {A7409C82-26A3-444A-A056-377F9D969342}
	EndGlobalSection
EndGlobal
